
Microsoft Visual Studio Solution File, Format Version 12.00
Project("{FAE04EC0-301F-11D3-BF4B-00C04F79EFBC}") = "AnimalDatabase", "AnimalDatabase\AnimalDatabase.csproj", "{BC976496-3C89-4298-9FC4-AB2A96A0B57B}"
EndProject
Global
	GlobalSection(SolutionConfigurationPlatforms) = preSolution
		Debug|Any CPU = Debug|Any CPU
		Release|Any CPU = Release|Any CPU
	EndGlobalSection
	GlobalSection(ProjectConfigurationPlatforms) = postSolution
		{BC976496-3C89-4298-9FC4-AB2A96A0B57B}.Debug|Any CPU.ActiveCfg = Debug|Any CPU
		{BC976496-3C89-4298-9FC4-AB2A96A0B57B}.Debug|Any CPU.Build.0 = Debug|Any CPU
		{BC976496-3C89-4298-9FC4-AB2A96A0B57B}.Release|Any CPU.ActiveCfg = Release|Any CPU
		{BC976496-3C89-4298-9FC4-AB2A96A0B57B}.Release|Any CPU.Build.0 = Release|Any CPU
	EndGlobalSection
EndGlobal
